// !$*UTF8*$!
{
	archiveVersion = 1;
	classes = {
	};
	objectVersion = 46;
	objects = {

/* Begin PBXBuildFile section */
		C474F3631E713632009A4D1C /* WPRegister.m in Sources */ = {isa = PBXBuildFile; fileRef = C474F3621E713632009A4D1C /* WPRegister.m */; };
		C4B672201E76E4E300677B9E /* WeexPlugin.h in CopyFiles */ = {isa = PBXBuildFile; fileRef = C474F3601E713632009A4D1C /* WeexPlugin.h */; };
		C4B672211E76E4E300677B9E /* WPRegister.h in CopyFiles */ = {isa = PBXBuildFile; fileRef = C474F3611E713632009A4D1C /* WPRegister.h */; };
/* End PBXBuildFile section */

/* Begin PBXCopyFilesBuildPhase section */
		C474F3511E7135E4009A4D1C /* CopyFiles */ = {
			isa = PBXCopyFilesBuildPhase;
			buildActionMask = 2147483647;
			dstPath = "include/$(PRODUCT_NAME)";
			dstSubfolderSpec = 16;
			files = (
			);
			runOnlyForDeploymentPostprocessing = 0;
		};
		C4B6721F1E76E4DB00677B9E /* CopyFiles */ = {
			isa = PBXCopyFilesBuildPhase;
			buildActionMask = 2147483647;
			dstPath = "";
			dstSubfolderSpec = 7;
			files = (
				C4B672201E76E4E300677B9E /* WeexPlugin.h in CopyFiles */,
				C4B672211E76E4E300677B9E /* WPRegister.h in CopyFiles */,
			);
			runOnlyForDeploymentPostprocessing = 0;
		};
/* End PBXCopyFilesBuildPhase section */

/* Begin PBXFileReference section */
		C474F3531E7135E4009A4D1C /* libWeexPlugin.a */ = {isa = PBXFileReference; explicitFileType = archive.ar; includeInIndex = 0; path = libWeexPlugin.a; sourceTree = BUILT_PRODUCTS_DIR; };
		C474F3601E713632009A4D1C /* WeexPlugin.h */ = {isa = PBXFileReference; fileEncoding = 4; lastKnownFileType = sourcecode.c.h; path = WeexPlugin.h; sourceTree = "<group>"; };
		C474F3611E713632009A4D1C /* WPRegister.h */ = {isa = PBXFileReference; fileEncoding = 4; lastKnownFileType = sourcecode.c.h; path = WPRegister.h; sourceTree = "<group>"; };
		C474F3621E713632009A4D1C /* WPRegister.m */ = {isa = PBXFileReference; fileEncoding = 4; lastKnownFileType = sourcecode.c.objc; path = WPRegister.m; sourceTree = "<group>"; };
		ED20045022EAE3704B1BDE0E /* Pods-WeexPlugin.release.xcconfig */ = {isa = PBXFileReference; includeInIndex = 1; lastKnownFileType = text.xcconfig; name = "Pods-WeexPlugin.release.xcconfig"; path = "Pods/Target Support Files/Pods-WeexPlugin/Pods-WeexPlugin.release.xcconfig"; sourceTree = "<group>"; };
		FC222B7E8A48AD41E4924603 /* Pods-WeexPlugin.debug.xcconfig */ = {isa = PBXFileReference; includeInIndex = 1; lastKnownFileType = text.xcconfig; name = "Pods-WeexPlugin.debug.xcconfig"; path = "Pods/Target Support Files/Pods-WeexPlugin/Pods-WeexPlugin.debug.xcconfig"; sourceTree = "<group>"; };
/* End PBXFileReference section */

/* Begin PBXFrameworksBuildPhase section */
		C474F3501E7135E4009A4D1C /* Frameworks */ = {
			isa = PBXFrameworksBuildPhase;
			buildActionMask = 2147483647;
			files = (
			);
			runOnlyForDeploymentPostprocessing = 0;
		};
/* End PBXFrameworksBuildPhase section */

/* Begin PBXGroup section */
		04D00DE9A84DAA86BAEFD883 /* Pods */ = {
			isa = PBXGroup;
			children = (
				FC222B7E8A48AD41E4924603 /* Pods-WeexPlugin.debug.xcconfig */,
				ED20045022EAE3704B1BDE0E /* Pods-WeexPlugin.release.xcconfig */,
			);
			name = Pods;
			sourceTree = "<group>";
		};
		66D645C58E5E0463DB8559DB /* Frameworks */ = {
			isa = PBXGroup;
			children = (
			);
			name = Frameworks;
			sourceTree = "<group>";
		};
		C474F34A1E7135E4009A4D1C = {
			isa = PBXGroup;
			children = (
				C474F35F1E713632009A4D1C /* Sources */,
				C474F3551E7135E4009A4D1C /* WeexPlugin */,
				C474F3541E7135E4009A4D1C /* Products */,
				04D00DE9A84DAA86BAEFD883 /* Pods */,
				66D645C58E5E0463DB8559DB /* Frameworks */,
			);
			sourceTree = "<group>";
		};
		C474F3541E7135E4009A4D1C /* Products */ = {
			isa = PBXGroup;
			children = (
				C474F3531E7135E4009A4D1C /* libWeexPlugin.a */,
			);
			name = Products;
			sourceTree = "<group>";
		};
		C474F3551E7135E4009A4D1C /* WeexPlugin */ = {
			isa = PBXGroup;
			children = (
			);
			path = WeexPlugin;
			sourceTree = "<group>";
		};
		C474F35F1E713632009A4D1C /* Sources */ = {
			isa = PBXGroup;
			children = (
				C474F3601E713632009A4D1C /* WeexPlugin.h */,
				C474F3611E713632009A4D1C /* WPRegister.h */,
				C474F3621E713632009A4D1C /* WPRegister.m */,
			);
			path = Sources;
			sourceTree = "<group>";
		};
/* End PBXGroup section */

/* Begin PBXNativeTarget section */
		C474F3521E7135E4009A4D1C /* WeexPlugin */ = {
			isa = PBXNativeTarget;
			buildConfigurationList = C474F35C1E7135E4009A4D1C /* Build configuration list for PBXNativeTarget "WeexPlugin" */;
			buildPhases = (
				2B98CCD01EE07E1A7A095440 /* [CP] Check Pods Manifest.lock */,
				C474F34F1E7135E4009A4D1C /* Sources */,
				C474F3501E7135E4009A4D1C /* Frameworks */,
				C474F3511E7135E4009A4D1C /* CopyFiles */,
				C4B6721F1E76E4DB00677B9E /* CopyFiles */,
			);
			buildRules = (
			);
			dependencies = (
			);
			name = WeexPlugin;
			productName = WeexPlugin;
			productReference = C474F3531E7135E4009A4D1C /* libWeexPlugin.a */;
			productType = "com.apple.product-type.library.static";
		};
/* End PBXNativeTarget section */

/* Begin PBXProject section */
		C474F34B1E7135E4009A4D1C /* Project object */ = {
			isa = PBXProject;
			attributes = {
				LastUpgradeCheck = 0820;
				ORGANIZATIONNAME = taobao;
				TargetAttributes = {
					C474F3521E7135E4009A4D1C = {
						CreatedOnToolsVersion = 8.2;
						ProvisioningStyle = Automatic;
					};
				};
			};
			buildConfigurationList = C474F34E1E7135E4009A4D1C /* Build configuration list for PBXProject "WeexPlugin" */;
			compatibilityVersion = "Xcode 3.2";
			developmentRegion = English;
			hasScannedForEncodings = 0;
			knownRegions = (
				en,
			);
			mainGroup = C474F34A1E7135E4009A4D1C;
			productRefGroup = C474F3541E7135E4009A4D1C /* Products */;
			projectDirPath = "";
			projectRoot = "";
			targets = (
				C474F3521E7135E4009A4D1C /* WeexPlugin */,
			);
		};
/* End PBXProject section */

/* Begin PBXShellScriptBuildPhase section */
		2B98CCD01EE07E1A7A095440 /* [CP] Check Pods Manifest.lock */ = {
			isa = PBXShellScriptBuildPhase;
			buildActionMask = 2147483647;
			files = (
			);
			inputPaths = (
			);
			name = "[CP] Check Pods Manifest.lock";
			outputPaths = (
			);
			runOnlyForDeploymentPostprocessing = 0;
			shellPath = /bin/sh;
			shellScript = "diff \"${PODS_ROOT}/../Podfile.lock\" \"${PODS_ROOT}/Manifest.lock\" > /dev/null\nif [ $? != 0 ] ; then\n    # print error to STDERR\n    echo \"error: The sandbox is not in sync with the Podfile.lock. Run 'pod install' or update your CocoaPods installation.\" >&2\n    exit 1\nfi\n";
			showEnvVarsInLog = 0;
		};
/* End PBXShellScriptBuildPhase section */

/* Begin PBXSourcesBuildPhase section */
		C474F34F1E7135E4009A4D1C /* Sources */ = {
			isa = PBXSourcesBuildPhase;
			buildActionMask = 2147483647;
			files = (
				C474F3631E713632009A4D1C /* WPRegister.m in Sources */,
			);
			runOnlyForDeploymentPostprocessing = 0;
		};
/* End PBXSourcesBuildPhase section */

/* Begin XCBuildConfiguration section */
		C474F35A1E7135E4009A4D1C /* Debug */ = {
			isa = XCBuildConfiguration;
			buildSettings = {
				ALWAYS_SEARCH_USER_PATHS = NO;
				CLANG_ANALYZER_NONNULL = YES;
				CLANG_CXX_LANGUAGE_STANDARD = "gnu++0x";
				CLANG_CXX_LIBRARY = "libc++";
				CLANG_ENABLE_MODULES = YES;
				CLANG_ENABLE_OBJC_ARC = YES;
				CLANG_WARN_BOOL_CONVERSION = YES;
				CLANG_WARN_CONSTANT_CONVERSION = YES;
				CLANG_WARN_DIRECT_OBJC_ISA_USAGE = YES_ERROR;
				CLANG_WARN_DOCUMENTATION_COMMENTS = YES;
				CLANG_WARN_EMPTY_BODY = YES;
				CLANG_WARN_ENUM_CONVERSION = YES;
				CLANG_WARN_INFINITE_RECURSION = YES;
				CLANG_WARN_INT_CONVERSION = YES;
				CLANG_WARN_OBJC_ROOT_CLASS = YES_ERROR;
				CLANG_WARN_SUSPICIOUS_MOVE = YES;
				CLANG_WARN_UNREACHABLE_CODE = YES;
				CLANG_WARN__DUPLICATE_METHOD_MATCH = YES;
				"CODE_SIGN_IDENTITY[sdk=iphoneos*]" = "iPhone Developer";
				COPY_PHASE_STRIP = NO;
				DEBUG_INFORMATION_FORMAT = dwarf;
				ENABLE_STRICT_OBJC_MSGSEND = YES;
				ENABLE_TESTABILITY = YES;
				GCC_C_LANGUAGE_STANDARD = gnu99;
				GCC_DYNAMIC_NO_PIC = NO;
				GCC_NO_COMMON_BLOCKS = YES;
				GCC_OPTIMIZATION_LEVEL = 0;
				GCC_PREPROCESSOR_DEFINITIONS = (
					"DEBUG=1",
					"$(inherited)",
				);
				GCC_WARN_64_TO_32_BIT_CONVERSION = YES;
				GCC_WARN_ABOUT_RETURN_TYPE = YES_ERROR;
				GCC_WARN_UNDECLARED_SELECTOR = YES;
				GCC_WARN_UNINITIALIZED_AUTOS = YES_AGGRESSIVE;
				GCC_WARN_UNUSED_FUNCTION = YES;
				GCC_WARN_UNUSED_VARIABLE = YES;
				IPHONEOS_DEPLOYMENT_TARGET = 10.2;
				MTL_ENABLE_DEBUG_INFO = YES;
				ONLY_ACTIVE_ARCH = YES;
				SDKROOT = iphoneos;
			};
			name = Debug;
		};
		C474F35B1E7135E4009A4D1C /* Release */ = {
			isa = XCBuildConfiguration;
			buildSettings = {
				ALWAYS_SEARCH_USER_PATHS = NO;
				CLANG_ANALYZER_NONNULL = YES;
				CLANG_CXX_LANGUAGE_STANDARD = "gnu++0x";
				CLANG_CXX_LIBRARY = "libc++";
				CLANG_ENABLE_MODULES = YES;
				CLANG_ENABLE_OBJC_ARC = YES;
				CLANG_WARN_BOOL_CONVERSION = YES;
				CLANG_WARN_CONSTANT_CONVERSION = YES;
				CLANG_WARN_DIRECT_OBJC_ISA_USAGE = YES_ERROR;
				CLANG_WARN_DOCUMENTATION_COMMENTS = YES;
				CLANG_WARN_EMPTY_BODY = YES;
				CLANG_WARN_ENUM_CONVERSION = YES;
				CLANG_WARN_INFINITE_RECURSION = YES;
				CLANG_WARN_INT_CONVERSION = YES;
				CLANG_WARN_OBJC_ROOT_CLASS = YES_ERROR;
				CLANG_WARN_SUSPICIOUS_MOVE = YES;
				CLANG_WARN_UNREACHABLE_CODE = YES;
				CLANG_WARN__DUPLICATE_METHOD_MATCH = YES;
				"CODE_SIGN_IDENTITY[sdk=iphoneos*]" = "iPhone Developer";
				COPY_PHASE_STRIP = NO;
				DEBUG_INFORMATION_FORMAT = "dwarf-with-dsym";
				ENABLE_NS_ASSERTIONS = NO;
				ENABLE_STRICT_OBJC_MSGSEND = YES;
				GCC_C_LANGUAGE_STANDARD = gnu99;
				GCC_NO_COMMON_BLOCKS = YES;
				GCC_WARN_64_TO_32_BIT_CONVERSION = YES;
				GCC_WARN_ABOUT_RETURN_TYPE = YES_ERROR;
				GCC_WARN_UNDECLARED_SELECTOR = YES;
				GCC_WARN_UNINITIALIZED_AUTOS = YES_AGGRESSIVE;
				GCC_WARN_UNUSED_FUNCTION = YES;
				GCC_WARN_UNUSED_VARIABLE = YES;
				IPHONEOS_DEPLOYMENT_TARGET = 10.2;
				MTL_ENABLE_DEBUG_INFO = NO;
				SDKROOT = iphoneos;
				VALIDATE_PRODUCT = YES;
			};
			name = Release;
		};
		C474F35D1E7135E4009A4D1C /* Debug */ = {
			isa = XCBuildConfiguration;
			baseConfigurationReference = FC222B7E8A48AD41E4924603 /* Pods-WeexPlugin.debug.xcconfig */;
			buildSettings = {
				ONLY_ACTIVE_ARCH = NO;
				OTHER_LDFLAGS = "-ObjC";
				PRODUCT_NAME = "$(TARGET_NAME)";
				SKIP_INSTALL = YES;
			};
			name = Debug;
		};
		C474F35E1E7135E4009A4D1C /* Release */ = {
			isa = XCBuildConfiguration;
			baseConfigurationReference = ED20045022EAE3704B1BDE0E /* Pods-WeexPlugin.release.xcconfig */;
			buildSettings = {
				OTHER_LDFLAGS = "-ObjC";
				PRODUCT_NAME = "$(TARGET_NAME)";
				SKIP_INSTALL = YES;
			};
			name = Release;
		};
/* End XCBuildConfiguration section */

/* Begin XCConfigurationList section */
		C474F34E1E7135E4009A4D1C /* Build configuration list for PBXProject "WeexPlugin" */ = {
			isa = XCConfigurationList;
			buildConfigurations = (
				C474F35A1E7135E4009A4D1C /* Debug */,
				C474F35B1E7135E4009A4D1C /* Release */,
			);
			defaultConfigurationIsVisible = 0;
			defaultConfigurationName = Release;
		};
		C474F35C1E7135E4009A4D1C /* Build configuration list for PBXNativeTarget "WeexPlugin" */ = {
			isa = XCConfigurationList;
			buildConfigurations = (
				C474F35D1E7135E4009A4D1C /* Debug */,
				C474F35E1E7135E4009A4D1C /* Release */,
			);
			defaultConfigurationIsVisible = 0;
			defaultConfigurationName = Release;
		};
/* End XCConfigurationList section */
	};
	rootObject = C474F34B1E7135E4009A4D1C /* Project object */;
}
